
Microsoft Visual Studio Solution File, Format Version 12.00
# Visual Studio Version 16
VisualStudioVersion = 16.0.29709.97
MinimumVisualStudioVersion = 10.0.40219.1
Project("{FAE04EC0-301F-11D3-BF4B-00C04F79EFBC}") = "ReadUserInput", "ReadUserInput.csproj", "{78B8C9CC-B6B1-4B38-B96A-F89A53CF2BF0}"
EndProject
Global
	GlobalSection(SolutionConfigurationPlatforms) = preSolution
		Debug|Any CPU = Debug|Any CPU
		Release|Any CPU = Release|Any CPU
	EndGlobalSection
	GlobalSection(ProjectConfigurationPlatforms) = postSolution
		{78B8C9CC-B6B1-4B38-B96A-F89A53CF2BF0}.Debug|Any CPU.ActiveCfg = Debug|Any CPU
		{78B8C9CC-B6B1-4B38-B96A-F89A53CF2BF0}.Debug|Any CPU.Build.0 = Debug|Any CPU
		{78B8C9CC-B6B1-4B38-B96A-F89A53CF2BF0}.Release|Any CPU.ActiveCfg = Release|Any CPU
		{78B8C9CC-B6B1-4B38-B96A-F89A53CF2BF0}.Release|Any CPU.Build.0 = Release|Any CPU
	EndGlobalSection
	GlobalSection(SolutionProperties) = preSolution
		HideSolutionNode = FALSE
	EndGlobalSection
	GlobalSection(ExtensibilityGlobals) = postSolution
		SolutionGuid = {1F15443C-8C46-4C22-95B3-22F7A66ED3D0}
	EndGlobalSection
EndGlobal
